{
  "name": "regex",
  "version": "0.0.1",
  "lockfileVersion": 1,
  "requires": true,
  "dependencies": {
    "amdefine": {
      "version": "1.0.1",
      "resolved": "https://registry.npm.taobao.org/amdefine/download/amdefine-1.0.1.tgz",
      "integrity": "sha1-SlKCrBZHKek2Gbz9OtFR+BfOkfU="
    },
    "regulex": {
      "version": "0.0.5",
      "resolved": "https://registry.npm.taobao.org/regulex/download/regulex-0.0.5.tgz",
      "integrity": "sha1-phAD+VOtaUyC9wVCGEVWeE5WRe8=",
      "requires": {
        "amdefine": "~1.0.0"
      }
    }
  }
}
